PODS:
  - ADiOSUtilities (1.0.0):
    - ADiOSUtilities/ADFoundationAdditions
    - ADiOSUtilities/ADHelpers
    - ADiOSUtilities/ADUIKitAdditions
  - ADiOSUtilities/ADFoundationAdditions (1.0.0)
  - ADiOSUtilities/ADHelpers (1.0.0)
  - ADiOSUtilities/ADUIKitAdditions (1.0.0)
  - AFNetworking (2.4.1):
    - AFNetworking/NSURLConnection
    - AFNetworking/NSURLSession
    - AFNetworking/Reachability
    - AFNetworking/Security
    - AFNetworking/Serialization
    - AFNetworking/UIKit
  - AFNetworking/NSURLConnection (2.4.1):
    - AFNetworking/Reachability
    - AFNetworking/Security
    - AFNetworking/Serialization
  - AFNetworking/NSURLSession (2.4.1):
    - AFNetworking/Reachability
    - AFNetworking/Security
    - AFNetworking/Serialization
  - AFNetworking/Reachability (2.4.1)
  - AFNetworking/Security (2.4.1)
  - AFNetworking/Serialization (2.4.1)
  - AFNetworking/UIKit (2.4.1):
    - AFNetworking/NSURLConnection
    - AFNetworking/NSURLSession
  - CocoaLumberjack (1.9.2):
    - CocoaLumberjack/Extensions
  - CocoaLumberjack/Core (1.9.2)
  - CocoaLumberjack/Extensions (1.9.2):
    - CocoaLumberjack/Core
  - HockeySDK (3.6.1)
  - KeychainItemWrapper (1.2)
  - MZAppearance (1.1.3)
  - MZFormSheetController (2.4.1):
    - MZAppearance (~> 1.1.3)
    - MZFormSheetController/Core
  - MZFormSheetController/Core (2.4.1):
    - MZAppearance (~> 1.1.3)
  - Seriously (2.0.0)
  - ZeroPush (1.1.0):
    - ADiOSUtilities (~> 1.0.0)
    - Seriously (~> 2.0.0)

DEPENDENCIES:
  - AFNetworking (~> 2.0)
  - CocoaLumberjack (~> 1.9)
  - HockeySDK
  - KeychainItemWrapper (~> 1.2)
  - MZFormSheetController (~> 2.3)
  - ZeroPush (~> 1.1)

SPEC CHECKSUMS:
  ADiOSUtilities: 4b3347dc334c55d890becd65a6f94c9984fd82a6
  AFNetworking: 0aabc6fae66d6e5d039eeb21c315843c7aae51ab
  CocoaLumberjack: 205769c032b5fef85b92472046bcc8b7e7c8a817
  HockeySDK: 15b24068466aa5ee421eed0cc1d58428d698edf6
  KeychainItemWrapper: 577e9e920185892873ded075b8ceb730bebdfd91
  MZAppearance: c88502c0c2345120630c34e09d5ff09e2969ba30
  MZFormSheetController: 4b58486f5f1562b3905310b02e8dbbb5a0a94128
  Seriously: 46d22ba1ae046629e2586364bce44ee838828291
  ZeroPush: 7e26e4abc1573cd559092ebcb2f79582abd7c41e

COCOAPODS: 0.34.4
